
Microsoft Visual Studio Solution File, Format Version 12.00
# Visual Studio Version 16
VisualStudioVersion = 16.0.29509.3
MinimumVisualStudioVersion = 10.0.40219.1
Project("{FAE04EC0-301F-11D3-BF4B-00C04F79EFBC}") = "EchoBotNetCore3", "EchoBotNetCore3\EchoBotNetCore3.csproj", "{48FCBE17-5903-4C47-A57A-460EABA6AD9B}"
EndProject
Global
	GlobalSection(SolutionConfigurationPlatforms) = preSolution
		Debug|Any CPU = Debug|Any CPU
		Release|Any CPU = Release|Any CPU
	EndGlobalSection
	GlobalSection(ProjectConfigurationPlatforms) = postSolution
		{48FCBE17-5903-4C47-A57A-460EABA6AD9B}.Debug|Any CPU.ActiveCfg = Debug|Any CPU
		{48FCBE17-5903-4C47-A57A-460EABA6AD9B}.Debug|Any CPU.Build.0 = Debug|Any CPU
		{48FCBE17-5903-4C47-A57A-460EABA6AD9B}.Release|Any CPU.ActiveCfg = Release|Any CPU
		{48FCBE17-5903-4C47-A57A-460EABA6AD9B}.Release|Any CPU.Build.0 = Release|Any CPU
	EndGlobalSection
	GlobalSection(SolutionProperties) = preSolution
		HideSolutionNode = FALSE
	EndGlobalSection
	GlobalSection(ExtensibilityGlobals) = postSolution
		SolutionGuid = {1CA4C881-A5FC-451E-8E28-F1FEECEFA836}
	EndGlobalSection
EndGlobal
